
Microsoft Visual Studio Solution File, Format Version 12.00
# Visual Studio Version 17
VisualStudioVersion = 17.0.31903.59
MinimumVisualStudioVersion = 10.0.40219.1
Project("{FAE04EC0-301F-11D3-BF4B-00C04F79EFBC}") = "WpZadanie2", "WpZadanie2\WpZadanie2.csproj", "{69D29228-F101-4BAF-B62F-D62FB3317C8C}"
EndProject
Project("{FAE04EC0-301F-11D3-BF4B-00C04F79EFBC}") = "WpfZadanie2_V2", "WpfZadanie2_V2\WpfZadanie2_V2.csproj", "{F8FD409F-D391-4A3F-8CDD-80E5F4367A54}"
EndProject
Global
	GlobalSection(SolutionConfigurationPlatforms) = preSolution
		Debug|Any CPU = Debug|Any CPU
		Release|Any CPU = Release|Any CPU
	EndGlobalSection
	GlobalSection(ProjectConfigurationPlatforms) = postSolution
		{69D29228-F101-4BAF-B62F-D62FB3317C8C}.Debug|Any CPU.ActiveCfg = Debug|Any CPU
		{69D29228-F101-4BAF-B62F-D62FB3317C8C}.Debug|Any CPU.Build.0 = Debug|Any CPU
		{69D29228-F101-4BAF-B62F-D62FB3317C8C}.Release|Any CPU.ActiveCfg = Release|Any CPU
		{69D29228-F101-4BAF-B62F-D62FB3317C8C}.Release|Any CPU.Build.0 = Release|Any CPU
		{F8FD409F-D391-4A3F-8CDD-80E5F4367A54}.Debug|Any CPU.ActiveCfg = Debug|Any CPU
		{F8FD409F-D391-4A3F-8CDD-80E5F4367A54}.Debug|Any CPU.Build.0 = Debug|Any CPU
		{F8FD409F-D391-4A3F-8CDD-80E5F4367A54}.Release|Any CPU.ActiveCfg = Release|Any CPU
		{F8FD409F-D391-4A3F-8CDD-80E5F4367A54}.Release|Any CPU.Build.0 = Release|Any CPU
	EndGlobalSection
	GlobalSection(SolutionProperties) = preSolution
		HideSolutionNode = FALSE
	EndGlobalSection
	GlobalSection(ExtensibilityGlobals) = postSolution
		SolutionGuid = {14B4E2AC-68D9-479E-9408-F76F658D5C0E}
	EndGlobalSection
EndGlobal
